
Microsoft Visual Studio Solution File, Format Version 12.00
# Visual Studio Version 17
VisualStudioVersion = 17.9.34902.65
MinimumVisualStudioVersion = 10.0.40219.1
Project("{8BC9CEB8-8B4A-11D0-8D11-00A0C91BC942}") = "CG-Project", "CG-Project\CG-Project.vcxproj", "{CA31F200-C4AD-4978-BD01-39D4730A26C6}"
EndProject
Global
	GlobalSection(SolutionConfigurationPlatforms) = preSolution
		Debug|x64 = Debug|x64
		Debug|x86 = Debug|x86
		Release|x64 = Release|x64
		Release|x86 = Release|x86
	EndGlobalSection
	GlobalSection(ProjectConfigurationPlatforms) = postSolution
		{CA31F200-C4AD-4978-BD01-39D4730A26C6}.Debug|x64.ActiveCfg = Debug|x64
		{CA31F200-C4AD-4978-BD01-39D4730A26C6}.Debug|x64.Build.0 = Debug|x64
		{CA31F200-C4AD-4978-BD01-39D4730A26C6}.Debug|x86.ActiveCfg = Debug|Win32
		{CA31F200-C4AD-4978-BD01-39D4730A26C6}.Debug|x86.Build.0 = Debug|Win32
		{CA31F200-C4AD-4978-BD01-39D4730A26C6}.Release|x64.ActiveCfg = Release|x64
		{CA31F200-C4AD-4978-BD01-39D4730A26C6}.Release|x64.Build.0 = Release|x64
		{CA31F200-C4AD-4978-BD01-39D4730A26C6}.Release|x86.ActiveCfg = Release|Win32
		{CA31F200-C4AD-4978-BD01-39D4730A26C6}.Release|x86.Build.0 = Release|Win32
	EndGlobalSection
	GlobalSection(SolutionProperties) = preSolution
		HideSolutionNode = FALSE
	EndGlobalSection
	GlobalSection(ExtensibilityGlobals) = postSolution
		SolutionGuid = {009B1C71-949D-4A25-9117-33552CA9070A}
	EndGlobalSection
EndGlobal
